
Microsoft Visual Studio Solution File, Format Version 12.00
# Visual Studio Version 17
VisualStudioVersion = 17.5.002.0
MinimumVisualStudioVersion = 10.0.40219.1
Project("{9A19103F-16F7-4668-BE54-9A1E7A4F7556}") = "ExercicioPismo", "ExercicioPismo.csproj", "{3C747D2E-E61F-4862-9E95-D7A686FE8D1B}"
EndProject
Global
	GlobalSection(SolutionConfigurationPlatforms) = preSolution
		Debug|Any CPU = Debug|Any CPU
		Release|Any CPU = Release|Any CPU
	EndGlobalSection
	GlobalSection(ProjectConfigurationPlatforms) = postSolution
		{3C747D2E-E61F-4862-9E95-D7A686FE8D1B}.Debug|Any CPU.ActiveCfg = Debug|Any CPU
		{3C747D2E-E61F-4862-9E95-D7A686FE8D1B}.Debug|Any CPU.Build.0 = Debug|Any CPU
		{3C747D2E-E61F-4862-9E95-D7A686FE8D1B}.Release|Any CPU.ActiveCfg = Release|Any CPU
		{3C747D2E-E61F-4862-9E95-D7A686FE8D1B}.Release|Any CPU.Build.0 = Release|Any CPU
	EndGlobalSection
	GlobalSection(SolutionProperties) = preSolution
		HideSolutionNode = FALSE
	EndGlobalSection
	GlobalSection(ExtensibilityGlobals) = postSolution
		SolutionGuid = {4C38FEEC-1DB7-49CB-AD7B-FC631FBE54AB}
	EndGlobalSection
EndGlobal
